
Microsoft Visual Studio Solution File, Format Version 12.00
# Visual Studio Version 17
VisualStudioVersion = 17.3.32825.248
MinimumVisualStudioVersion = 10.0.40219.1
Project("{9A19103F-16F7-4668-BE54-9A1E7A4F7556}") = "PxGraf", "PxGraf\PxGraf.csproj", "{34F3D4F9-A121-4610-925C-C65005D12940}"
EndProject
Project("{9A19103F-16F7-4668-BE54-9A1E7A4F7556}") = "UnitTests", "UnitTests\UnitTests.csproj", "{480597FF-D253-4960-88D7-583D8F0FF8A2}"
EndProject
Project("{54A90642-561A-4BB1-A94E-469ADEE60C69}") = "pxgraf.frontend", "PxGraf.Frontend\pxgraf.frontend.esproj", "{D38FAF26-A785-4E3D-A9EE-94CCC8E033BC}"
EndProject
Project("{2150E333-8FDC-42A3-9474-1A3956D46DE8}") = "docs", "docs", "{C3438262-2BAE-4156-85CD-0A1556E5EAC6}"
	ProjectSection(SolutionItems) = preProject
		docs\API_DOCUMENTATION.md = docs\API_DOCUMENTATION.md
		docs\LICENSE.md = docs\LICENSE.md
		docs\LOCAL_SETUP.md = docs\LOCAL_SETUP.md
		docs\PRODUCTION_SETUP.md = docs\PRODUCTION_SETUP.md
		docs\pxgraf_setup_1.png = docs\pxgraf_setup_1.png
		docs\pxgraf_setup_2.png = docs\pxgraf_setup_2.png
		docs\README.md = docs\README.md
		docs\VISUALIZATION_RESPONSE.md = docs\VISUALIZATION_RESPONSE.md
	EndProjectSection
EndProject
Project("{2150E333-8FDC-42A3-9474-1A3956D46DE8}") = "github", "github", "{A7A9AA2F-492F-494C-8850-CC98FC6BEB8F}"
EndProject
Project("{2150E333-8FDC-42A3-9474-1A3956D46DE8}") = "workflows", "workflows", "{9722791C-4582-42C9-873B-B04B66369E50}"
	ProjectSection(SolutionItems) = preProject
		.github\workflows\BackEndSonarScan.yml = .github\workflows\BackEndSonarScan.yml
		.github\workflows\CI.yml = .github\workflows\CI.yml
		.github\workflows\dependabot_version_increment.yml = .github\workflows\dependabot_version_increment.yml
		.github\workflows\FrontEndSonarScan.yml = .github\workflows\FrontEndSonarScan.yml
	EndProjectSection
EndProject
Project("{2150E333-8FDC-42A3-9474-1A3956D46DE8}") = "scripts", "scripts", "{6CD31513-990A-4FA8-BC92-48249CA96FCC}"
	ProjectSection(SolutionItems) = preProject
		.github\scripts\check_version_changes.sh = .github\scripts\check_version_changes.sh
	EndProjectSection
EndProject
Global
	GlobalSection(SolutionConfigurationPlatforms) = preSolution
		Debug|Any CPU = Debug|Any CPU
		Release|Any CPU = Release|Any CPU
		Test|Any CPU = Test|Any CPU
	EndGlobalSection
	GlobalSection(ProjectConfigurationPlatforms) = postSolution
		{34F3D4F9-A121-4610-925C-C65005D12940}.Debug|Any CPU.ActiveCfg = Debug|Any CPU
		{34F3D4F9-A121-4610-925C-C65005D12940}.Debug|Any CPU.Build.0 = Debug|Any CPU
		{34F3D4F9-A121-4610-925C-C65005D12940}.Release|Any CPU.ActiveCfg = Release|Any CPU
		{34F3D4F9-A121-4610-925C-C65005D12940}.Release|Any CPU.Build.0 = Release|Any CPU
		{34F3D4F9-A121-4610-925C-C65005D12940}.Test|Any CPU.ActiveCfg = Test|Any CPU
		{34F3D4F9-A121-4610-925C-C65005D12940}.Test|Any CPU.Build.0 = Test|Any CPU
		{480597FF-D253-4960-88D7-583D8F0FF8A2}.Debug|Any CPU.ActiveCfg = Debug|Any CPU
		{480597FF-D253-4960-88D7-583D8F0FF8A2}.Debug|Any CPU.Build.0 = Debug|Any CPU
		{480597FF-D253-4960-88D7-583D8F0FF8A2}.Release|Any CPU.ActiveCfg = Release|Any CPU
		{480597FF-D253-4960-88D7-583D8F0FF8A2}.Test|Any CPU.ActiveCfg = Test|Any CPU
		{480597FF-D253-4960-88D7-583D8F0FF8A2}.Test|Any CPU.Build.0 = Test|Any CPU
		{D38FAF26-A785-4E3D-A9EE-94CCC8E033BC}.Debug|Any CPU.ActiveCfg = Debug|Any CPU
		{D38FAF26-A785-4E3D-A9EE-94CCC8E033BC}.Debug|Any CPU.Build.0 = Debug|Any CPU
		{D38FAF26-A785-4E3D-A9EE-94CCC8E033BC}.Debug|Any CPU.Deploy.0 = Debug|Any CPU
		{D38FAF26-A785-4E3D-A9EE-94CCC8E033BC}.Release|Any CPU.ActiveCfg = Release|Any CPU
		{D38FAF26-A785-4E3D-A9EE-94CCC8E033BC}.Release|Any CPU.Build.0 = Release|Any CPU
		{D38FAF26-A785-4E3D-A9EE-94CCC8E033BC}.Release|Any CPU.Deploy.0 = Release|Any CPU
		{D38FAF26-A785-4E3D-A9EE-94CCC8E033BC}.Test|Any CPU.ActiveCfg = Test|Any CPU
	EndGlobalSection
	GlobalSection(SolutionProperties) = preSolution
		HideSolutionNode = FALSE
	EndGlobalSection
	GlobalSection(NestedProjects) = preSolution
		{9722791C-4582-42C9-873B-B04B66369E50} = {A7A9AA2F-492F-494C-8850-CC98FC6BEB8F}
		{6CD31513-990A-4FA8-BC92-48249CA96FCC} = {A7A9AA2F-492F-494C-8850-CC98FC6BEB8F}
	EndGlobalSection
	GlobalSection(ExtensibilityGlobals) = postSolution
		SolutionGuid = {6DCAEC5A-BCC8-416E-AF5E-933E20EC5C25}
	EndGlobalSection
EndGlobal
